// !$*UTF8*$!
{
	archiveVersion = 1;
	classes = {
	};
	objectVersion = 56;
	objects = {

/* Begin PBXBuildFile section */
		179AB7B02B4583FD007A6012 /* AppDelegate.swift in Sources */ = {isa = PBXBuildFile; fileRef = 179AB7AF2B4583FD007A6012 /* AppDelegate.swift */; };
		179AB7B22B4583FD007A6012 /* SceneDelegate.swift in Sources */ = {isa = PBXBuildFile; fileRef = 179AB7B12B4583FD007A6012 /* SceneDelegate.swift */; };
		179AB7BA2B4583FD007A6012 /* getFollowers.xcdatamodeld in Sources */ = {isa = PBXBuildFile; fileRef = 179AB7B82B4583FD007A6012 /* getFollowers.xcdatamodeld */; };
		179AB7BC2B458402007A6012 /* Assets.xcassets in Resources */ = {isa = PBXBuildFile; fileRef = 179AB7BB2B458402007A6012 /* Assets.xcassets */; };
		179AB7BF2B458402007A6012 /* LaunchScreen.storyboard in Resources */ = {isa = PBXBuildFile; fileRef = 179AB7BD2B458402007A6012 /* LaunchScreen.storyboard */; };
		179AB7CA2B458402007A6012 /* getFollowersTests.swift in Sources */ = {isa = PBXBuildFile; fileRef = 179AB7C92B458402007A6012 /* getFollowersTests.swift */; };
		179AB7D42B458402007A6012 /* getFollowersUITests.swift in Sources */ = {isa = PBXBuildFile; fileRef = 179AB7D32B458402007A6012 /* getFollowersUITests.swift */; };
		179AB7D62B458402007A6012 /* getFollowersUITestsLaunchTests.swift in Sources */ = {isa = PBXBuildFile; fileRef = 179AB7D52B458402007A6012 /* getFollowersUITestsLaunchTests.swift */; };
		179AB7E32B4979C3007A6012 /* SearchVC.swift in Sources */ = {isa = PBXBuildFile; fileRef = 179AB7E22B4979C3007A6012 /* SearchVC.swift */; };
		179AB7E52B4979F3007A6012 /* FavouritiesVC.swift in Sources */ = {isa = PBXBuildFile; fileRef = 179AB7E42B4979F3007A6012 /* FavouritiesVC.swift */; };
		179AB7E72B4ADB49007A6012 /* GFButton.swift in Sources */ = {isa = PBXBuildFile; fileRef = 179AB7E62B4ADB49007A6012 /* GFButton.swift */; };
		179AB7E92B4AE3AF007A6012 /* GFTextField.swift in Sources */ = {isa = PBXBuildFile; fileRef = 179AB7E82B4AE3AF007A6012 /* GFTextField.swift */; };
/* End PBXBuildFile section */

/* Begin PBXContainerItemProxy section */
		179AB7C62B458402007A6012 /* PBXContainerItemProxy */ = {
			isa = PBXContainerItemProxy;
			containerPortal = 179AB7A42B4583FD007A6012 /* Project object */;
			proxyType = 1;
			remoteGlobalIDString = 179AB7AB2B4583FD007A6012;
			remoteInfo = getFollowers;
		};
		179AB7D02B458402007A6012 /* PBXContainerItemProxy */ = {
			isa = PBXContainerItemProxy;
			containerPortal = 179AB7A42B4583FD007A6012 /* Project object */;
			proxyType = 1;
			remoteGlobalIDString = 179AB7AB2B4583FD007A6012;
			remoteInfo = getFollowers;
		};
/* End PBXContainerItemProxy section */

/* Begin PBXFileReference section */
		179AB7AC2B4583FD007A6012 /* getFollowers.app */ = {isa = PBXFileReference; explicitFileType = wrapper.application; includeInIndex = 0; path = getFollowers.app; sourceTree = BUILT_PRODUCTS_DIR; };
		179AB7AF2B4583FD007A6012 /* AppDelegate.swift */ = {isa = PBXFileReference; lastKnownFileType = sourcecode.swift; path = AppDelegate.swift; sourceTree = "<group>"; };
		179AB7B12B4583FD007A6012 /* SceneDelegate.swift */ = {isa = PBXFileReference; lastKnownFileType = sourcecode.swift; path = SceneDelegate.swift; sourceTree = "<group>"; };
		179AB7B92B4583FD007A6012 /* getFollowers.xcdatamodel */ = {isa = PBXFileReference; lastKnownFileType = wrapper.xcdatamodel; path = getFollowers.xcdatamodel; sourceTree = "<group>"; };
		179AB7BB2B458402007A6012 /* Assets.xcassets */ = {isa = PBXFileReference; lastKnownFileType = folder.assetcatalog; path = Assets.xcassets; sourceTree = "<group>"; };
		179AB7BE2B458402007A6012 /* Base */ = {isa = PBXFileReference; lastKnownFileType = file.storyboard; name = Base; path = Base.lproj/LaunchScreen.storyboard; sourceTree = "<group>"; };
		179AB7C02B458402007A6012 /* Info.plist */ = {isa = PBXFileReference; lastKnownFileType = text.plist.xml; path = Info.plist; sourceTree = "<group>"; };
		179AB7C52B458402007A6012 /* getFollowersTests.xctest */ = {isa = PBXFileReference; explicitFileType = wrapper.cfbundle; includeInIndex = 0; path = getFollowersTests.xctest; sourceTree = BUILT_PRODUCTS_DIR; };
		179AB7C92B458402007A6012 /* getFollowersTests.swift */ = {isa = PBXFileReference; lastKnownFileType = sourcecode.swift; path = getFollowersTests.swift; sourceTree = "<group>"; };
		179AB7CF2B458402007A6012 /* getFollowersUITests.xctest */ = {isa = PBXFileReference; explicitFileType = wrapper.cfbundle; includeInIndex = 0; path = getFollowersUITests.xctest; sourceTree = BUILT_PRODUCTS_DIR; };
		179AB7D32B458402007A6012 /* getFollowersUITests.swift */ = {isa = PBXFileReference; lastKnownFileType = sourcecode.swift; path = getFollowersUITests.swift; sourceTree = "<group>"; };
		179AB7D52B458402007A6012 /* getFollowersUITestsLaunchTests.swift */ = {isa = PBXFileReference; lastKnownFileType = sourcecode.swift; path = getFollowersUITestsLaunchTests.swift; sourceTree = "<group>"; };
		179AB7E22B4979C3007A6012 /* SearchVC.swift */ = {isa = PBXFileReference; lastKnownFileType = sourcecode.swift; path = SearchVC.swift; sourceTree = "<group>"; };
		179AB7E42B4979F3007A6012 /* FavouritiesVC.swift */ = {isa = PBXFileReference; lastKnownFileType = sourcecode.swift; path = FavouritiesVC.swift; sourceTree = "<group>"; };
		179AB7E62B4ADB49007A6012 /* GFButton.swift */ = {isa = PBXFileReference; lastKnownFileType = sourcecode.swift; path = GFButton.swift; sourceTree = "<group>"; };
		179AB7E82B4AE3AF007A6012 /* GFTextField.swift */ = {isa = PBXFileReference; lastKnownFileType = sourcecode.swift; path = GFTextField.swift; sourceTree = "<group>"; };
/* End PBXFileReference section */

/* Begin PBXFrameworksBuildPhase section */
		179AB7A92B4583FD007A6012 /* Frameworks */ = {
			isa = PBXFrameworksBuildPhase;
			buildActionMask = 2147483647;
			files = (
			);
			runOnlyForDeploymentPostprocessing = 0;
		};
		179AB7C22B458402007A6012 /* Frameworks */ = {
			isa = PBXFrameworksBuildPhase;
			buildActionMask = 2147483647;
			files = (
			);
			runOnlyForDeploymentPostprocessing = 0;
		};
		179AB7CC2B458402007A6012 /* Frameworks */ = {
			isa = PBXFrameworksBuildPhase;
			buildActionMask = 2147483647;
			files = (
			);
			runOnlyForDeploymentPostprocessing = 0;
		};
/* End PBXFrameworksBuildPhase section */

/* Begin PBXGroup section */
		179AB7A32B4583FD007A6012 = {
			isa = PBXGroup;
			children = (
				179AB7AE2B4583FD007A6012 /* getFollowers */,
				179AB7C82B458402007A6012 /* getFollowersTests */,
				179AB7D22B458402007A6012 /* getFollowersUITests */,
				179AB7AD2B4583FD007A6012 /* Products */,
			);
			sourceTree = "<group>";
		};
		179AB7AD2B4583FD007A6012 /* Products */ = {
			isa = PBXGroup;
			children = (
				179AB7AC2B4583FD007A6012 /* getFollowers.app */,
				179AB7C52B458402007A6012 /* getFollowersTests.xctest */,
				179AB7CF2B458402007A6012 /* getFollowersUITests.xctest */,
			);
			name = Products;
			sourceTree = "<group>";
		};
		179AB7AE2B4583FD007A6012 /* getFollowers */ = {
			isa = PBXGroup;
			children = (
				179AB7AF2B4583FD007A6012 /* AppDelegate.swift */,
				179AB7B12B4583FD007A6012 /* SceneDelegate.swift */,
				179AB7BB2B458402007A6012 /* Assets.xcassets */,
				179AB7BD2B458402007A6012 /* LaunchScreen.storyboard */,
				179AB7C02B458402007A6012 /* Info.plist */,
				179AB7B82B4583FD007A6012 /* getFollowers.xcdatamodeld */,
				179AB7E22B4979C3007A6012 /* SearchVC.swift */,
				179AB7E42B4979F3007A6012 /* FavouritiesVC.swift */,
				179AB7E62B4ADB49007A6012 /* GFButton.swift */,
				179AB7E82B4AE3AF007A6012 /* GFTextField.swift */,
			);
			path = getFollowers;
			sourceTree = "<group>";
		};
		179AB7C82B458402007A6012 /* getFollowersTests */ = {
			isa = PBXGroup;
			children = (
				179AB7C92B458402007A6012 /* getFollowersTests.swift */,
			);
			path = getFollowersTests;
			sourceTree = "<group>";
		};
		179AB7D22B458402007A6012 /* getFollowersUITests */ = {
			isa = PBXGroup;
			children = (
				179AB7D32B458402007A6012 /* getFollowersUITests.swift */,
				179AB7D52B458402007A6012 /* getFollowersUITestsLaunchTests.swift */,
			);
			path = getFollowersUITests;
			sourceTree = "<group>";
		};
/* End PBXGroup section */

/* Begin PBXNativeTarget section */
		179AB7AB2B4583FD007A6012 /* getFollowers */ = {
			isa = PBXNativeTarget;
			buildConfigurationList = 179AB7D92B458402007A6012 /* Build configuration list for PBXNativeTarget "getFollowers" */;
			buildPhases = (
				179AB7A82B4583FD007A6012 /* Sources */,
				179AB7A92B4583FD007A6012 /* Frameworks */,
				179AB7AA2B4583FD007A6012 /* Resources */,
			);
			buildRules = (
			);
			dependencies = (
			);
			name = getFollowers;
			productName = getFollowers;
			productReference = 179AB7AC2B4583FD007A6012 /* getFollowers.app */;
			productType = "com.apple.product-type.application";
		};
		179AB7C42B458402007A6012 /* getFollowersTests */ = {
			isa = PBXNativeTarget;
			buildConfigurationList = 179AB7DC2B458402007A6012 /* Build configuration list for PBXNativeTarget "getFollowersTests" */;
			buildPhases = (
				179AB7C12B458402007A6012 /* Sources */,
				179AB7C22B458402007A6012 /* Frameworks */,
				179AB7C32B458402007A6012 /* Resources */,
			);
			buildRules = (
			);
			dependencies = (
				179AB7C72B458402007A6012 /* PBXTargetDependency */,
			);
			name = getFollowersTests;
			productName = getFollowersTests;
			productReference = 179AB7C52B458402007A6012 /* getFollowersTests.xctest */;
			productType = "com.apple.product-type.bundle.unit-test";
		};
		179AB7CE2B458402007A6012 /* getFollowersUITests */ = {
			isa = PBXNativeTarget;
			buildConfigurationList = 179AB7DF2B458402007A6012 /* Build configuration list for PBXNativeTarget "getFollowersUITests" */;
			buildPhases = (
				179AB7CB2B458402007A6012 /* Sources */,
				179AB7CC2B458402007A6012 /* Frameworks */,
				179AB7CD2B458402007A6012 /* Resources */,
			);
			buildRules = (
			);
			dependencies = (
				179AB7D12B458402007A6012 /* PBXTargetDependency */,
			);
			name = getFollowersUITests;
			productName = getFollowersUITests;
			productReference = 179AB7CF2B458402007A6012 /* getFollowersUITests.xctest */;
			productType = "com.apple.product-type.bundle.ui-testing";
		};
/* End PBXNativeTarget section */

/* Begin PBXProject section */
		179AB7A42B4583FD007A6012 /* Project object */ = {
			isa = PBXProject;
			attributes = {
				BuildIndependentTargetsInParallel = 1;
				LastSwiftUpdateCheck = 1420;
				LastUpgradeCheck = 1420;
				TargetAttributes = {
					179AB7AB2B4583FD007A6012 = {
						CreatedOnToolsVersion = 14.2;
					};
					179AB7C42B458402007A6012 = {
						CreatedOnToolsVersion = 14.2;
						TestTargetID = 179AB7AB2B4583FD007A6012;
					};
					179AB7CE2B458402007A6012 = {
						CreatedOnToolsVersion = 14.2;
						TestTargetID = 179AB7AB2B4583FD007A6012;
					};
				};
			};
			buildConfigurationList = 179AB7A72B4583FD007A6012 /* Build configuration list for PBXProject "getFollowers" */;
			compatibilityVersion = "Xcode 14.0";
			developmentRegion = en;
			hasScannedForEncodings = 0;
			knownRegions = (
				en,
				Base,
			);
			mainGroup = 179AB7A32B4583FD007A6012;
			productRefGroup = 179AB7AD2B4583FD007A6012 /* Products */;
			projectDirPath = "";
			projectRoot = "";
			targets = (
				179AB7AB2B4583FD007A6012 /* getFollowers */,
				179AB7C42B458402007A6012 /* getFollowersTests */,
				179AB7CE2B458402007A6012 /* getFollowersUITests */,
			);
		};
/* End PBXProject section */

/* Begin PBXResourcesBuildPhase section */
		179AB7AA2B4583FD007A6012 /* Resources */ = {
			isa = PBXResourcesBuildPhase;
			buildActionMask = 2147483647;
			files = (
				179AB7BF2B458402007A6012 /* LaunchScreen.storyboard in Resources */,
				179AB7BC2B458402007A6012 /* Assets.xcassets in Resources */,
			);
			runOnlyForDeploymentPostprocessing = 0;
		};
		179AB7C32B458402007A6012 /* Resources */ = {
			isa = PBXResourcesBuildPhase;
			buildActionMask = 2147483647;
			files = (
			);
			runOnlyForDeploymentPostprocessing = 0;
		};
		179AB7CD2B458402007A6012 /* Resources */ = {
			isa = PBXResourcesBuildPhase;
			buildActionMask = 2147483647;
			files = (
			);
			runOnlyForDeploymentPostprocessing = 0;
		};
/* End PBXResourcesBuildPhase section */

/* Begin PBXSourcesBuildPhase section */
		179AB7A82B4583FD007A6012 /* Sources */ = {
			isa = PBXSourcesBuildPhase;
			buildActionMask = 2147483647;
			files = (
				179AB7E32B4979C3007A6012 /* SearchVC.swift in Sources */,
				179AB7B02B4583FD007A6012 /* AppDelegate.swift in Sources */,
				179AB7E72B4ADB49007A6012 /* GFButton.swift in Sources */,
				179AB7BA2B4583FD007A6012 /* getFollowers.xcdatamodeld in Sources */,
				179AB7E52B4979F3007A6012 /* FavouritiesVC.swift in Sources */,
				179AB7B22B4583FD007A6012 /* SceneDelegate.swift in Sources */,
				179AB7E92B4AE3AF007A6012 /* GFTextField.swift in Sources */,
			);
			runOnlyForDeploymentPostprocessing = 0;
		};
		179AB7C12B458402007A6012 /* Sources */ = {
			isa = PBXSourcesBuildPhase;
			buildActionMask = 2147483647;
			files = (
				179AB7CA2B458402007A6012 /* getFollowersTests.swift in Sources */,
			);
			runOnlyForDeploymentPostprocessing = 0;
		};
		179AB7CB2B458402007A6012 /* Sources */ = {
			isa = PBXSourcesBuildPhase;
			buildActionMask = 2147483647;
			files = (
				179AB7D42B458402007A6012 /* getFollowersUITests.swift in Sources */,
				179AB7D62B458402007A6012 /* getFollowersUITestsLaunchTests.swift in Sources */,
			);
			runOnlyForDeploymentPostprocessing = 0;
		};
/* End PBXSourcesBuildPhase section */

/* Begin PBXTargetDependency section */
		179AB7C72B458402007A6012 /* PBXTargetDependency */ = {
			isa = PBXTargetDependency;
			target = 179AB7AB2B4583FD007A6012 /* getFollowers */;
			targetProxy = 179AB7C62B458402007A6012 /* PBXContainerItemProxy */;
		};
		179AB7D12B458402007A6012 /* PBXTargetDependency */ = {
			isa = PBXTargetDependency;
			target = 179AB7AB2B4583FD007A6012 /* getFollowers */;
			targetProxy = 179AB7D02B458402007A6012 /* PBXContainerItemProxy */;
		};
/* End PBXTargetDependency section */

/* Begin PBXVariantGroup section */
		179AB7BD2B458402007A6012 /* LaunchScreen.storyboard */ = {
			isa = PBXVariantGroup;
			children = (
				179AB7BE2B458402007A6012 /* Base */,
			);
			name = LaunchScreen.storyboard;
			sourceTree = "<group>";
		};
/* End PBXVariantGroup section */

/* Begin XCBuildConfiguration section */
		179AB7D72B458402007A6012 /* Debug */ = {
			isa = XCBuildConfiguration;
			buildSettings = {
				ALWAYS_SEARCH_USER_PATHS = NO;
				CLANG_ANALYZER_NONNULL = YES;
				CLANG_ANALYZER_NUMBER_OBJECT_CONVERSION = YES_AGGRESSIVE;
				CLANG_CXX_LANGUAGE_STANDARD = "gnu++20";
				CLANG_ENABLE_MODULES = YES;
				CLANG_ENABLE_OBJC_ARC = YES;
				CLANG_ENABLE_OBJC_WEAK = YES;
				CLANG_WARN_BLOCK_CAPTURE_AUTORELEASING = YES;
				CLANG_WARN_BOOL_CONVERSION = YES;
				CLANG_WARN_COMMA = YES;
				CLANG_WARN_CONSTANT_CONVERSION = YES;
				CLANG_WARN_DEPRECATED_OBJC_IMPLEMENTATIONS = YES;
				CLANG_WARN_DIRECT_OBJC_ISA_USAGE = YES_ERROR;
				CLANG_WARN_DOCUMENTATION_COMMENTS = YES;
				CLANG_WARN_EMPTY_BODY = YES;
				CLANG_WARN_ENUM_CONVERSION = YES;
				CLANG_WARN_INFINITE_RECURSION = YES;
				CLANG_WARN_INT_CONVERSION = YES;
				CLANG_WARN_NON_LITERAL_NULL_CONVERSION = YES;
				CLANG_WARN_OBJC_IMPLICIT_RETAIN_SELF = YES;
				CLANG_WARN_OBJC_LITERAL_CONVERSION = YES;
				CLANG_WARN_OBJC_ROOT_CLASS = YES_ERROR;
				CLANG_WARN_QUOTED_INCLUDE_IN_FRAMEWORK_HEADER = YES;
				CLANG_WARN_RANGE_LOOP_ANALYSIS = YES;
				CLANG_WARN_STRICT_PROTOTYPES = YES;
				CLANG_WARN_SUSPICIOUS_MOVE = YES;
				CLANG_WARN_UNGUARDED_AVAILABILITY = YES_AGGRESSIVE;
				CLANG_WARN_UNREACHABLE_CODE = YES;
				CLANG_WARN__DUPLICATE_METHOD_MATCH = YES;
				COPY_PHASE_STRIP = NO;
				DEBUG_INFORMATION_FORMAT = dwarf;
				ENABLE_STRICT_OBJC_MSGSEND = YES;
				ENABLE_TESTABILITY = YES;
				GCC_C_LANGUAGE_STANDARD = gnu11;
				GCC_DYNAMIC_NO_PIC = NO;
				GCC_NO_COMMON_BLOCKS = YES;
				GCC_OPTIMIZATION_LEVEL = 0;
				GCC_PREPROCESSOR_DEFINITIONS = (
					"DEBUG=1",
					"$(inherited)",
				);
				GCC_WARN_64_TO_32_BIT_CONVERSION = YES;
				GCC_WARN_ABOUT_RETURN_TYPE = YES_ERROR;
				GCC_WARN_UNDECLARED_SELECTOR = YES;
				GCC_WARN_UNINITIALIZED_AUTOS = YES_AGGRESSIVE;
				GCC_WARN_UNUSED_FUNCTION = YES;
				GCC_WARN_UNUSED_VARIABLE = YES;
				IPHONEOS_DEPLOYMENT_TARGET = 16.2;
				MTL_ENABLE_DEBUG_INFO = INCLUDE_SOURCE;
				MTL_FAST_MATH = YES;
				ONLY_ACTIVE_ARCH = YES;
				SDKROOT = iphoneos;
				SWIFT_ACTIVE_COMPILATION_CONDITIONS = DEBUG;
				SWIFT_OPTIMIZATION_LEVEL = "-Onone";
			};
			name = Debug;
		};
		179AB7D82B458402007A6012 /* Release */ = {
			isa = XCBuildConfiguration;
			buildSettings = {
				ALWAYS_SEARCH_USER_PATHS = NO;
				CLANG_ANALYZER_NONNULL = YES;
				CLANG_ANALYZER_NUMBER_OBJECT_CONVERSION = YES_AGGRESSIVE;
				CLANG_CXX_LANGUAGE_STANDARD = "gnu++20";
				CLANG_ENABLE_MODULES = YES;
				CLANG_ENABLE_OBJC_ARC = YES;
				CLANG_ENABLE_OBJC_WEAK = YES;
				CLANG_WARN_BLOCK_CAPTURE_AUTORELEASING = YES;
				CLANG_WARN_BOOL_CONVERSION = YES;
				CLANG_WARN_COMMA = YES;
				CLANG_WARN_CONSTANT_CONVERSION = YES;
				CLANG_WARN_DEPRECATED_OBJC_IMPLEMENTATIONS = YES;
				CLANG_WARN_DIRECT_OBJC_ISA_USAGE = YES_ERROR;
				CLANG_WARN_DOCUMENTATION_COMMENTS = YES;
				CLANG_WARN_EMPTY_BODY = YES;
				CLANG_WARN_ENUM_CONVERSION = YES;
				CLANG_WARN_INFINITE_RECURSION = YES;
				CLANG_WARN_INT_CONVERSION = YES;
				CLANG_WARN_NON_LITERAL_NULL_CONVERSION = YES;
				CLANG_WARN_OBJC_IMPLICIT_RETAIN_SELF = YES;
				CLANG_WARN_OBJC_LITERAL_CONVERSION = YES;
				CLANG_WARN_OBJC_ROOT_CLASS = YES_ERROR;
				CLANG_WARN_QUOTED_INCLUDE_IN_FRAMEWORK_HEADER = YES;
				CLANG_WARN_RANGE_LOOP_ANALYSIS = YES;
				CLANG_WARN_STRICT_PROTOTYPES = YES;
				CLANG_WARN_SUSPICIOUS_MOVE = YES;
				CLANG_WARN_UNGUARDED_AVAILABILITY = YES_AGGRESSIVE;
				CLANG_WARN_UNREACHABLE_CODE = YES;
				CLANG_WARN__DUPLICATE_METHOD_MATCH = YES;
				COPY_PHASE_STRIP = NO;
				DEBUG_INFORMATION_FORMAT = "dwarf-with-dsym";
				ENABLE_NS_ASSERTIONS = NO;
				ENABLE_STRICT_OBJC_MSGSEND = YES;
				GCC_C_LANGUAGE_STANDARD = gnu11;
				GCC_NO_COMMON_BLOCKS = YES;
				GCC_WARN_64_TO_32_BIT_CONVERSION = YES;
				GCC_WARN_ABOUT_RETURN_TYPE = YES_ERROR;
				GCC_WARN_UNDECLARED_SELECTOR = YES;
				GCC_WARN_UNINITIALIZED_AUTOS = YES_AGGRESSIVE;
				GCC_WARN_UNUSED_FUNCTION = YES;
				GCC_WARN_UNUSED_VARIABLE = YES;
				IPHONEOS_DEPLOYMENT_TARGET = 16.2;
				MTL_ENABLE_DEBUG_INFO = NO;
				MTL_FAST_MATH = YES;
				SDKROOT = iphoneos;
				SWIFT_COMPILATION_MODE = wholemodule;
				SWIFT_OPTIMIZATION_LEVEL = "-O";
				VALIDATE_PRODUCT = YES;
			};
			name = Release;
		};
		179AB7DA2B458402007A6012 /* Debug */ = {
			isa = XCBuildConfiguration;
			buildSettings = {
				ASSETCATALOG_COMPILER_APPICON_NAME = AppIcon;
				ASSETCATALOG_COMPILER_GLOBAL_ACCENT_COLOR_NAME = AccentColor;
				CODE_SIGN_STYLE = Automatic;
				CURRENT_PROJECT_VERSION = 1;
				DEVELOPMENT_TEAM = GQH45G6K7W;
				GENERATE_INFOPLIST_FILE = YES;
				INFOPLIST_FILE = getFollowers/Info.plist;
				INFOPLIST_KEY_UIApplicationSupportsIndirectInputEvents = YES;
				INFOPLIST_KEY_UILaunchStoryboardName = LaunchScreen;
				INFOPLIST_KEY_UISupportedInterfaceOrientations_iPad = "UIInterfaceOrientationPortrait UIInterfaceOrientationPortraitUpsideDown UIInterfaceOrientationLandscapeLeft UIInterfaceOrientationLandscapeRight";
				INFOPLIST_KEY_UISupportedInterfaceOrientations_iPhone = "UIInterfaceOrientationPortrait UIInterfaceOrientationLandscapeLeft UIInterfaceOrientationLandscapeRight";
				IPHONEOS_DEPLOYMENT_TARGET = 13.0;
				LD_RUNPATH_SEARCH_PATHS = (
					"$(inherited)",
					"@executable_path/Frameworks",
				);
				MARKETING_VERSION = 1.0;
				PRODUCT_BUNDLE_IDENTIFIER = aa.getFollowers;
				PRODUCT_NAME = "$(TARGET_NAME)";
				SWIFT_EMIT_LOC_STRINGS = YES;
				SWIFT_VERSION = 5.0;
				TARGETED_DEVICE_FAMILY = "1,2";
			};
			name = Debug;
		};
		179AB7DB2B458402007A6012 /* Release */ = {
			isa = XCBuildConfiguration;
			buildSettings = {
				ASSETCATALOG_COMPILER_APPICON_NAME = AppIcon;
				ASSETCATALOG_COMPILER_GLOBAL_ACCENT_COLOR_NAME = AccentColor;
				CODE_SIGN_STYLE = Automatic;
				CURRENT_PROJECT_VERSION = 1;
				DEVELOPMENT_TEAM = GQH45G6K7W;
				GENERATE_INFOPLIST_FILE = YES;
				INFOPLIST_FILE = getFollowers/Info.plist;
				INFOPLIST_KEY_UIApplicationSupportsIndirectInputEvents = YES;
				INFOPLIST_KEY_UILaunchStoryboardName = LaunchScreen;
				INFOPLIST_KEY_UISupportedInterfaceOrientations_iPad = "UIInterfaceOrientationPortrait UIInterfaceOrientationPortraitUpsideDown UIInterfaceOrientationLandscapeLeft UIInterfaceOrientationLandscapeRight";
				INFOPLIST_KEY_UISupportedInterfaceOrientations_iPhone = "UIInterfaceOrientationPortrait UIInterfaceOrientationLandscapeLeft UIInterfaceOrientationLandscapeRight";
				IPHONEOS_DEPLOYMENT_TARGET = 13.0;
				LD_RUNPATH_SEARCH_PATHS = (
					"$(inherited)",
					"@executable_path/Frameworks",
				);
				MARKETING_VERSION = 1.0;
				PRODUCT_BUNDLE_IDENTIFIER = aa.getFollowers;
				PRODUCT_NAME = "$(TARGET_NAME)";
				SWIFT_EMIT_LOC_STRINGS = YES;
				SWIFT_VERSION = 5.0;
				TARGETED_DEVICE_FAMILY = "1,2";
			};
			name = Release;
		};
		179AB7DD2B458402007A6012 /* Debug */ = {
			isa = XCBuildConfiguration;
			buildSettings = {
				ALWAYS_EMBED_SWIFT_STANDARD_LIBRARIES = YES;
				BUNDLE_LOADER = "$(TEST_HOST)";
				CODE_SIGN_STYLE = Automatic;
				CURRENT_PROJECT_VERSION = 1;
				DEVELOPMENT_TEAM = GQH45G6K7W;
				GENERATE_INFOPLIST_FILE = YES;
				IPHONEOS_DEPLOYMENT_TARGET = 16.2;
				MARKETING_VERSION = 1.0;
				PRODUCT_BUNDLE_IDENTIFIER = aa.getFollowersTests;
				PRODUCT_NAME = "$(TARGET_NAME)";
				SWIFT_EMIT_LOC_STRINGS = NO;
				SWIFT_VERSION = 5.0;
				TARGETED_DEVICE_FAMILY = "1,2";
				TEST_HOST = "$(BUILT_PRODUCTS_DIR)/getFollowers.app/$(BUNDLE_EXECUTABLE_FOLDER_PATH)/getFollowers";
			};
			name = Debug;
		};
		179AB7DE2B458402007A6012 /* Release */ = {
			isa = XCBuildConfiguration;
			buildSettings = {
				ALWAYS_EMBED_SWIFT_STANDARD_LIBRARIES = YES;
				BUNDLE_LOADER = "$(TEST_HOST)";
				CODE_SIGN_STYLE = Automatic;
				CURRENT_PROJECT_VERSION = 1;
				DEVELOPMENT_TEAM = GQH45G6K7W;
				GENERATE_INFOPLIST_FILE = YES;
				IPHONEOS_DEPLOYMENT_TARGET = 16.2;
				MARKETING_VERSION = 1.0;
				PRODUCT_BUNDLE_IDENTIFIER = aa.getFollowersTests;
				PRODUCT_NAME = "$(TARGET_NAME)";
				SWIFT_EMIT_LOC_STRINGS = NO;
				SWIFT_VERSION = 5.0;
				TARGETED_DEVICE_FAMILY = "1,2";
				TEST_HOST = "$(BUILT_PRODUCTS_DIR)/getFollowers.app/$(BUNDLE_EXECUTABLE_FOLDER_PATH)/getFollowers";
			};
			name = Release;
		};
		179AB7E02B458402007A6012 /* Debug */ = {
			isa = XCBuildConfiguration;
			buildSettings = {
				ALWAYS_EMBED_SWIFT_STANDARD_LIBRARIES = YES;
				CODE_SIGN_STYLE = Automatic;
				CURRENT_PROJECT_VERSION = 1;
				DEVELOPMENT_TEAM = GQH45G6K7W;
				GENERATE_INFOPLIST_FILE = YES;
				MARKETING_VERSION = 1.0;
				PRODUCT_BUNDLE_IDENTIFIER = aa.getFollowersUITests;
				PRODUCT_NAME = "$(TARGET_NAME)";
				SWIFT_EMIT_LOC_STRINGS = NO;
				SWIFT_VERSION = 5.0;
				TARGETED_DEVICE_FAMILY = "1,2";
				TEST_TARGET_NAME = getFollowers;
			};
			name = Debug;
		};
		179AB7E12B458402007A6012 /* Release */ = {
			isa = XCBuildConfiguration;
			buildSettings = {
				ALWAYS_EMBED_SWIFT_STANDARD_LIBRARIES = YES;
				CODE_SIGN_STYLE = Automatic;
				CURRENT_PROJECT_VERSION = 1;
				DEVELOPMENT_TEAM = GQH45G6K7W;
				GENERATE_INFOPLIST_FILE = YES;
				MARKETING_VERSION = 1.0;
				PRODUCT_BUNDLE_IDENTIFIER = aa.getFollowersUITests;
				PRODUCT_NAME = "$(TARGET_NAME)";
				SWIFT_EMIT_LOC_STRINGS = NO;
				SWIFT_VERSION = 5.0;
				TARGETED_DEVICE_FAMILY = "1,2";
				TEST_TARGET_NAME = getFollowers;
			};
			name = Release;
		};
/* End XCBuildConfiguration section */

/* Begin XCConfigurationList section */
		179AB7A72B4583FD007A6012 /* Build configuration list for PBXProject "getFollowers" */ = {
			isa = XCConfigurationList;
			buildConfigurations = (
				179AB7D72B458402007A6012 /* Debug */,
				179AB7D82B458402007A6012 /* Release */,
			);
			defaultConfigurationIsVisible = 0;
			defaultConfigurationName = Release;
		};
		179AB7D92B458402007A6012 /* Build configuration list for PBXNativeTarget "getFollowers" */ = {
			isa = XCConfigurationList;
			buildConfigurations = (
				179AB7DA2B458402007A6012 /* Debug */,
				179AB7DB2B458402007A6012 /* Release */,
			);
			defaultConfigurationIsVisible = 0;
			defaultConfigurationName = Release;
		};
		179AB7DC2B458402007A6012 /* Build configuration list for PBXNativeTarget "getFollowersTests" */ = {
			isa = XCConfigurationList;
			buildConfigurations = (
				179AB7DD2B458402007A6012 /* Debug */,
				179AB7DE2B458402007A6012 /* Release */,
			);
			defaultConfigurationIsVisible = 0;
			defaultConfigurationName = Release;
		};
		179AB7DF2B458402007A6012 /* Build configuration list for PBXNativeTarget "getFollowersUITests" */ = {
			isa = XCConfigurationList;
			buildConfigurations = (
				179AB7E02B458402007A6012 /* Debug */,
				179AB7E12B458402007A6012 /* Release */,
			);
			defaultConfigurationIsVisible = 0;
			defaultConfigurationName = Release;
		};
/* End XCConfigurationList section */

/* Begin XCVersionGroup section */
		179AB7B82B4583FD007A6012 /* getFollowers.xcdatamodeld */ = {
			isa = XCVersionGroup;
			children = (
				179AB7B92B4583FD007A6012 /* getFollowers.xcdatamodel */,
			);
			currentVersion = 179AB7B92B4583FD007A6012 /* getFollowers.xcdatamodel */;
			path = getFollowers.xcdatamodeld;
			sourceTree = "<group>";
			versionGroupType = wrapper.xcdatamodel;
		};
/* End XCVersionGroup section */
	};
	rootObject = 179AB7A42B4583FD007A6012 /* Project object */;
}
